
Microsoft Visual Studio Solution File, Format Version 12.00
# Visual Studio Version 16
VisualStudioVersion = 16.0.32901.82
MinimumVisualStudioVersion = 10.0.40219.1
Project("{FAE04EC0-301F-11D3-BF4B-00C04F79EFBC}") = "presentacion", "presentacion\presentacion.csproj", "{B0A82E73-00B8-4990-9113-83AAEECC186F}"
EndProject
Project("{FAE04EC0-301F-11D3-BF4B-00C04F79EFBC}") = "dominio", "dominio\dominio.csproj", "{4066DEE3-1A4A-4680-B408-4D47399EF741}"
EndProject
Project("{FAE04EC0-301F-11D3-BF4B-00C04F79EFBC}") = "negocio", "negocio\negocio.csproj", "{35880F1A-E492-491D-BD61-FCB14E055C09}"
EndProject
Global
	GlobalSection(SolutionConfigurationPlatforms) = preSolution
		Debug|Any CPU = Debug|Any CPU
		Release|Any CPU = Release|Any CPU
	EndGlobalSection
	GlobalSection(ProjectConfigurationPlatforms) = postSolution
		{B0A82E73-00B8-4990-9113-83AAEECC186F}.Debug|Any CPU.ActiveCfg = Debug|Any CPU
		{B0A82E73-00B8-4990-9113-83AAEECC186F}.Debug|Any CPU.Build.0 = Debug|Any CPU
		{B0A82E73-00B8-4990-9113-83AAEECC186F}.Release|Any CPU.ActiveCfg = Release|Any CPU
		{B0A82E73-00B8-4990-9113-83AAEECC186F}.Release|Any CPU.Build.0 = Release|Any CPU
		{4066DEE3-1A4A-4680-B408-4D47399EF741}.Debug|Any CPU.ActiveCfg = Debug|Any CPU
		{4066DEE3-1A4A-4680-B408-4D47399EF741}.Debug|Any CPU.Build.0 = Debug|Any CPU
		{4066DEE3-1A4A-4680-B408-4D47399EF741}.Release|Any CPU.ActiveCfg = Release|Any CPU
		{4066DEE3-1A4A-4680-B408-4D47399EF741}.Release|Any CPU.Build.0 = Release|Any CPU
		{35880F1A-E492-491D-BD61-FCB14E055C09}.Debug|Any CPU.ActiveCfg = Debug|Any CPU
		{35880F1A-E492-491D-BD61-FCB14E055C09}.Debug|Any CPU.Build.0 = Debug|Any CPU
		{35880F1A-E492-491D-BD61-FCB14E055C09}.Release|Any CPU.ActiveCfg = Release|Any CPU
		{35880F1A-E492-491D-BD61-FCB14E055C09}.Release|Any CPU.Build.0 = Release|Any CPU
	EndGlobalSection
	GlobalSection(SolutionProperties) = preSolution
		HideSolutionNode = FALSE
	EndGlobalSection
	GlobalSection(ExtensibilityGlobals) = postSolution
		SolutionGuid = {D535F3B0-52D4-4917-8F5E-51D46BF0C496}
	EndGlobalSection
EndGlobal
